
Microsoft Visual Studio Solution File, Format Version 12.00
# Visual Studio Version 17
VisualStudioVersion = 17.1.32228.430
MinimumVisualStudioVersion = 10.0.40219.1
Project("{FAE04EC0-301F-11D3-BF4B-00C04F79EFBC}") = "Tubes_Stima", "Tubes-2_Dora-the-Explowew\Tubes_Stima.csproj", "{2CCBBDFB-0B0D-47BD-B753-46B9E47C0318}"
EndProject
Global
	GlobalSection(SolutionConfigurationPlatforms) = preSolution
		Debug|Any CPU = Debug|Any CPU
		Release|Any CPU = Release|Any CPU
	EndGlobalSection
	GlobalSection(ProjectConfigurationPlatforms) = postSolution
		{2CCBBDFB-0B0D-47BD-B753-46B9E47C0318}.Debug|Any CPU.ActiveCfg = Release|Any CPU
		{2CCBBDFB-0B0D-47BD-B753-46B9E47C0318}.Debug|Any CPU.Build.0 = Release|Any CPU
		{2CCBBDFB-0B0D-47BD-B753-46B9E47C0318}.Release|Any CPU.ActiveCfg = Release|Any CPU
		{2CCBBDFB-0B0D-47BD-B753-46B9E47C0318}.Release|Any CPU.Build.0 = Release|Any CPU
	EndGlobalSection
	GlobalSection(SolutionProperties) = preSolution
		HideSolutionNode = FALSE
	EndGlobalSection
	GlobalSection(ExtensibilityGlobals) = postSolution
		SolutionGuid = {1638B2B7-54F1-4FE3-9359-E00B4D7A03D7}
	EndGlobalSection
EndGlobal
